
Microsoft Visual Studio Solution File, Format Version 12.00
# Visual Studio 15
Project("{FAE04EC0-301F-11D3-BF4B-00C04F79EFBC}") = "Assembly-CSharp", "Assembly-CSharp.csproj", "{529B69B1-3AD7-7D88-9369-F19A202CE1AA}"
EndProject
Global
	GlobalSection(SolutionConfigurationPlatforms) = preSolution
		Debug|Any CPU = Debug|Any CPU
		Release|Any CPU = Release|Any CPU
	EndGlobalSection
	GlobalSection(ProjectConfigurationPlatforms) = postSolution
		{529B69B1-3AD7-7D88-9369-F19A202CE1AA}.Debug|Any CPU.ActiveCfg = Debug|Any CPU
		{529B69B1-3AD7-7D88-9369-F19A202CE1AA}.Debug|Any CPU.Build.0 = Debug|Any CPU
		{529B69B1-3AD7-7D88-9369-F19A202CE1AA}.Release|Any CPU.ActiveCfg = Release|Any CPU
		{529B69B1-3AD7-7D88-9369-F19A202CE1AA}.Release|Any CPU.Build.0 = Release|Any CPU
	EndGlobalSection
	GlobalSection(SolutionProperties) = preSolution
		HideSolutionNode = FALSE
	EndGlobalSection
EndGlobal
